
Microsoft Visual Studio Solution File, Format Version 12.00
# Visual Studio Version 16
VisualStudioVersion = 16.0.29519.181
MinimumVisualStudioVersion = 10.0.40219.1
Project("{8BC9CEB8-8B4A-11D0-8D11-00A0C91BC942}") = "Engine", "Engine\01_HelloWindow.vcxproj", "{73EF10CF-4A70-45E8-B8F4-80EE4D080611}"
	ProjectSection(ProjectDependencies) = postProject
		{269A0773-C88B-4127-A849-990E0285F99F} = {269A0773-C88B-4127-A849-990E0285F99F}
	EndProjectSection
EndProject
Project("{8BC9CEB8-8B4A-11D0-8D11-00A0C91BC942}") = "Mathematics", "Mathematics\Mathematics.vcxproj", "{269A0773-C88B-4127-A849-990E0285F99F}"
EndProject
Global
	GlobalSection(SolutionConfigurationPlatforms) = preSolution
		Debug|x64 = Debug|x64
		Debug|x86 = Debug|x86
		Release|x64 = Release|x64
		Release|x86 = Release|x86
	EndGlobalSection
	GlobalSection(ProjectConfigurationPlatforms) = postSolution
		{73EF10CF-4A70-45E8-B8F4-80EE4D080611}.Debug|x64.ActiveCfg = Debug|x64
		{73EF10CF-4A70-45E8-B8F4-80EE4D080611}.Debug|x64.Build.0 = Debug|x64
		{73EF10CF-4A70-45E8-B8F4-80EE4D080611}.Debug|x86.ActiveCfg = Debug|Win32
		{73EF10CF-4A70-45E8-B8F4-80EE4D080611}.Debug|x86.Build.0 = Debug|Win32
		{73EF10CF-4A70-45E8-B8F4-80EE4D080611}.Release|x64.ActiveCfg = Release|x64
		{73EF10CF-4A70-45E8-B8F4-80EE4D080611}.Release|x64.Build.0 = Release|x64
		{73EF10CF-4A70-45E8-B8F4-80EE4D080611}.Release|x86.ActiveCfg = Release|Win32
		{73EF10CF-4A70-45E8-B8F4-80EE4D080611}.Release|x86.Build.0 = Release|Win32
		{269A0773-C88B-4127-A849-990E0285F99F}.Debug|x64.ActiveCfg = Debug|x64
		{269A0773-C88B-4127-A849-990E0285F99F}.Debug|x64.Build.0 = Debug|x64
		{269A0773-C88B-4127-A849-990E0285F99F}.Debug|x86.ActiveCfg = Debug|Win32
		{269A0773-C88B-4127-A849-990E0285F99F}.Debug|x86.Build.0 = Debug|Win32
		{269A0773-C88B-4127-A849-990E0285F99F}.Release|x64.ActiveCfg = Release|x64
		{269A0773-C88B-4127-A849-990E0285F99F}.Release|x64.Build.0 = Release|x64
		{269A0773-C88B-4127-A849-990E0285F99F}.Release|x86.ActiveCfg = Release|Win32
		{269A0773-C88B-4127-A849-990E0285F99F}.Release|x86.Build.0 = Release|Win32
	EndGlobalSection
	GlobalSection(SolutionProperties) = preSolution
		HideSolutionNode = FALSE
	EndGlobalSection
	GlobalSection(ExtensibilityGlobals) = postSolution
		SolutionGuid = {E7B64298-F844-4A46-9DF7-6F680C692E77}
	EndGlobalSection
EndGlobal
